
Microsoft Visual Studio Solution File, Format Version 11.00
# Visual Studio 2010
Project("{FAE04EC0-301F-11D3-BF4B-00C04F79EFBC}") = "TomoViz", "Assembly-CSharp.csproj", "{88750911-672C-4C22-A618-AF1F837E8F2A}"
EndProject
Project("{FAE04EC0-301F-11D3-BF4B-00C04F79EFBC}") = "TomoViz", "Assembly-CSharp-firstpass.csproj", "{F3D0296C-483C-10EF-64D7-C599FF752945}"
EndProject
Project("{FAE04EC0-301F-11D3-BF4B-00C04F79EFBC}") = "TomoViz", "Assembly-CSharp-Editor-firstpass.csproj", "{6C386EE0-EF26-B28C-1125-E2476EE78F2C}"
EndProject
Project("{FAE04EC0-301F-11D3-BF4B-00C04F79EFBC}") = "TomoViz", "Assembly-CSharp-Editor.csproj", "{F218D7E9-033F-C904-3FF8-DFA3AA657FE8}"
EndProject
Global
	GlobalSection(SolutionConfigurationPlatforms) = preSolution
		Debug|Any CPU = Debug|Any CPU
		Release|Any CPU = Release|Any CPU
	EndGlobalSection
	GlobalSection(ProjectConfigurationPlatforms) = postSolution
		{88750911-672C-4C22-A618-AF1F837E8F2A}.Debug|Any CPU.ActiveCfg = Debug|Any CPU
		{88750911-672C-4C22-A618-AF1F837E8F2A}.Debug|Any CPU.Build.0 = Debug|Any CPU
		{88750911-672C-4C22-A618-AF1F837E8F2A}.Release|Any CPU.ActiveCfg = Release|Any CPU
		{88750911-672C-4C22-A618-AF1F837E8F2A}.Release|Any CPU.Build.0 = Release|Any CPU
		{F3D0296C-483C-10EF-64D7-C599FF752945}.Debug|Any CPU.ActiveCfg = Debug|Any CPU
		{F3D0296C-483C-10EF-64D7-C599FF752945}.Debug|Any CPU.Build.0 = Debug|Any CPU
		{F3D0296C-483C-10EF-64D7-C599FF752945}.Release|Any CPU.ActiveCfg = Release|Any CPU
		{F3D0296C-483C-10EF-64D7-C599FF752945}.Release|Any CPU.Build.0 = Release|Any CPU
		{6C386EE0-EF26-B28C-1125-E2476EE78F2C}.Debug|Any CPU.ActiveCfg = Debug|Any CPU
		{6C386EE0-EF26-B28C-1125-E2476EE78F2C}.Debug|Any CPU.Build.0 = Debug|Any CPU
		{6C386EE0-EF26-B28C-1125-E2476EE78F2C}.Release|Any CPU.ActiveCfg = Release|Any CPU
		{6C386EE0-EF26-B28C-1125-E2476EE78F2C}.Release|Any CPU.Build.0 = Release|Any CPU
		{F218D7E9-033F-C904-3FF8-DFA3AA657FE8}.Debug|Any CPU.ActiveCfg = Debug|Any CPU
		{F218D7E9-033F-C904-3FF8-DFA3AA657FE8}.Debug|Any CPU.Build.0 = Debug|Any CPU
		{F218D7E9-033F-C904-3FF8-DFA3AA657FE8}.Release|Any CPU.ActiveCfg = Release|Any CPU
		{F218D7E9-033F-C904-3FF8-DFA3AA657FE8}.Release|Any CPU.Build.0 = Release|Any CPU
	EndGlobalSection
	GlobalSection(SolutionProperties) = preSolution
		HideSolutionNode = FALSE
	EndGlobalSection
	GlobalSection(MonoDevelopProperties) = preSolution
		StartupItem = Assembly-CSharp.csproj
	EndGlobalSection
EndGlobal
